
Microsoft Visual Studio Solution File, Format Version 12.00
# Visual Studio 15
VisualStudioVersion = 15.0.34112.143
MinimumVisualStudioVersion = 10.0.40219.1
Project("{FAE04EC0-301F-11D3-BF4B-00C04F79EFBC}") = "GUI", "PTPM_AI_CT3\GUI.csproj", "{2BD1ED9E-82B3-4165-94A3-FD1AED837EF7}"
EndProject
Project("{FAE04EC0-301F-11D3-BF4B-00C04F79EFBC}") = "DAL", "DAL\DAL.csproj", "{813694BF-CE4E-461C-92BF-9FAD551C23AE}"
EndProject
Project("{FAE04EC0-301F-11D3-BF4B-00C04F79EFBC}") = "DTO", "DTO\DTO.csproj", "{C7CEF750-E9A3-4723-B92A-437B9B2656FD}"
EndProject
Project("{FAE04EC0-301F-11D3-BF4B-00C04F79EFBC}") = "BLL", "BLL\BLL.csproj", "{898D5C11-2BA8-4C22-A613-3C696CEC812F}"
EndProject
Global
	GlobalSection(SolutionConfigurationPlatforms) = preSolution
		Debug|Any CPU = Debug|Any CPU
		Release|Any CPU = Release|Any CPU
	EndGlobalSection
	GlobalSection(ProjectConfigurationPlatforms) = postSolution
		{2BD1ED9E-82B3-4165-94A3-FD1AED837EF7}.Debug|Any CPU.ActiveCfg = Debug|Any CPU
		{2BD1ED9E-82B3-4165-94A3-FD1AED837EF7}.Debug|Any CPU.Build.0 = Debug|Any CPU
		{2BD1ED9E-82B3-4165-94A3-FD1AED837EF7}.Release|Any CPU.ActiveCfg = Release|Any CPU
		{2BD1ED9E-82B3-4165-94A3-FD1AED837EF7}.Release|Any CPU.Build.0 = Release|Any CPU
		{813694BF-CE4E-461C-92BF-9FAD551C23AE}.Debug|Any CPU.ActiveCfg = Debug|Any CPU
		{813694BF-CE4E-461C-92BF-9FAD551C23AE}.Debug|Any CPU.Build.0 = Debug|Any CPU
		{813694BF-CE4E-461C-92BF-9FAD551C23AE}.Release|Any CPU.ActiveCfg = Release|Any CPU
		{813694BF-CE4E-461C-92BF-9FAD551C23AE}.Release|Any CPU.Build.0 = Release|Any CPU
		{C7CEF750-E9A3-4723-B92A-437B9B2656FD}.Debug|Any CPU.ActiveCfg = Debug|Any CPU
		{C7CEF750-E9A3-4723-B92A-437B9B2656FD}.Debug|Any CPU.Build.0 = Debug|Any CPU
		{C7CEF750-E9A3-4723-B92A-437B9B2656FD}.Release|Any CPU.ActiveCfg = Release|Any CPU
		{C7CEF750-E9A3-4723-B92A-437B9B2656FD}.Release|Any CPU.Build.0 = Release|Any CPU
		{898D5C11-2BA8-4C22-A613-3C696CEC812F}.Debug|Any CPU.ActiveCfg = Debug|Any CPU
		{898D5C11-2BA8-4C22-A613-3C696CEC812F}.Debug|Any CPU.Build.0 = Debug|Any CPU
		{898D5C11-2BA8-4C22-A613-3C696CEC812F}.Release|Any CPU.ActiveCfg = Release|Any CPU
		{898D5C11-2BA8-4C22-A613-3C696CEC812F}.Release|Any CPU.Build.0 = Release|Any CPU
	EndGlobalSection
	GlobalSection(SolutionProperties) = preSolution
		HideSolutionNode = FALSE
	EndGlobalSection
	GlobalSection(ExtensibilityGlobals) = postSolution
		SolutionGuid = {7456FE30-1A6D-4351-9893-D50EC13760A9}
	EndGlobalSection
EndGlobal
